
Microsoft Visual Studio Solution File, Format Version 12.00
# Visual Studio Version 17
VisualStudioVersion = 17.9.34723.18
MinimumVisualStudioVersion = 10.0.40219.1
Project("{FAE04EC0-301F-11D3-BF4B-00C04F79EFBC}") = "CodeFirstTask", "CodeFirstTask\CodeFirstTask.csproj", "{29EFC1D1-A088-4108-A13A-0657CDA98304}"
EndProject
Global
	GlobalSection(SolutionConfigurationPlatforms) = preSolution
		Debug|Any CPU = Debug|Any CPU
		Release|Any CPU = Release|Any CPU
	EndGlobalSection
	GlobalSection(ProjectConfigurationPlatforms) = postSolution
		{29EFC1D1-A088-4108-A13A-0657CDA98304}.Debug|Any CPU.ActiveCfg = Debug|Any CPU
		{29EFC1D1-A088-4108-A13A-0657CDA98304}.Debug|Any CPU.Build.0 = Debug|Any CPU
		{29EFC1D1-A088-4108-A13A-0657CDA98304}.Release|Any CPU.ActiveCfg = Release|Any CPU
		{29EFC1D1-A088-4108-A13A-0657CDA98304}.Release|Any CPU.Build.0 = Release|Any CPU
	EndGlobalSection
	GlobalSection(SolutionProperties) = preSolution
		HideSolutionNode = FALSE
	EndGlobalSection
	GlobalSection(ExtensibilityGlobals) = postSolution
		SolutionGuid = {20E7E74E-95F8-466F-90C2-EA65C7B4D860}
	EndGlobalSection
EndGlobal
